
Microsoft Visual Studio Solution File, Format Version 12.00
# Visual Studio 2013
VisualStudioVersion = 12.0.30723.0
MinimumVisualStudioVersion = 10.0.40219.1
Project("{FAE04EC0-301F-11D3-BF4B-00C04F79EFBC}") = "01.ClassSize", "01.ClassSize\01.ClassSize.csproj", "{F3C266F2-461C-4103-9E03-B7E6FDDCF600}"
EndProject
Project("{FAE04EC0-301F-11D3-BF4B-00C04F79EFBC}") = "02.PrintStatistics", "02.PrintStatistics\02.PrintStatistics.csproj", "{D857C418-3C44-496B-99AD-4EAC186FE04B}"
EndProject
Global
	GlobalSection(SolutionConfigurationPlatforms) = preSolution
		Debug|Any CPU = Debug|Any CPU
		Release|Any CPU = Release|Any CPU
	EndGlobalSection
	GlobalSection(ProjectConfigurationPlatforms) = postSolution
		{F3C266F2-461C-4103-9E03-B7E6FDDCF600}.Debug|Any CPU.ActiveCfg = Debug|Any CPU
		{F3C266F2-461C-4103-9E03-B7E6FDDCF600}.Debug|Any CPU.Build.0 = Debug|Any CPU
		{F3C266F2-461C-4103-9E03-B7E6FDDCF600}.Release|Any CPU.ActiveCfg = Release|Any CPU
		{F3C266F2-461C-4103-9E03-B7E6FDDCF600}.Release|Any CPU.Build.0 = Release|Any CPU
		{D857C418-3C44-496B-99AD-4EAC186FE04B}.Debug|Any CPU.ActiveCfg = Debug|Any CPU
		{D857C418-3C44-496B-99AD-4EAC186FE04B}.Debug|Any CPU.Build.0 = Debug|Any CPU
		{D857C418-3C44-496B-99AD-4EAC186FE04B}.Release|Any CPU.ActiveCfg = Release|Any CPU
		{D857C418-3C44-496B-99AD-4EAC186FE04B}.Release|Any CPU.Build.0 = Release|Any CPU
	EndGlobalSection
	GlobalSection(SolutionProperties) = preSolution
		HideSolutionNode = FALSE
	EndGlobalSection
EndGlobal
