
Microsoft Visual Studio Solution File, Format Version 12.00
# Visual Studio 2013
VisualStudioVersion = 12.0.30723.0
MinimumVisualStudioVersion = 10.0.40219.1
Project("{FAE04EC0-301F-11D3-BF4B-00C04F79EFBC}") = "01. TicketCSS", "01. TicketCSS\01. TicketCSS.csproj", "{D4CAF741-17B4-4E21-B06B-0B1B98E81532}"
EndProject
Project("{FAE04EC0-301F-11D3-BF4B-00C04F79EFBC}") = "02.InternationalEmployees", "02.InternationalEmployees\02.InternationalEmployees.csproj", "{DDD9B225-509B-4707-866F-AE25F713A627}"
EndProject
Project("{FAE04EC0-301F-11D3-BF4B-00C04F79EFBC}") = "03.ForumPosts", "03.ForumPosts\03.ForumPosts.csproj", "{7DFE0123-53E5-4396-935A-3BD24368F112}"
EndProject
Global
	GlobalSection(SolutionConfigurationPlatforms) = preSolution
		Debug|Any CPU = Debug|Any CPU
		Release|Any CPU = Release|Any CPU
	EndGlobalSection
	GlobalSection(ProjectConfigurationPlatforms) = postSolution
		{D4CAF741-17B4-4E21-B06B-0B1B98E81532}.Debug|Any CPU.ActiveCfg = Debug|Any CPU
		{D4CAF741-17B4-4E21-B06B-0B1B98E81532}.Debug|Any CPU.Build.0 = Debug|Any CPU
		{D4CAF741-17B4-4E21-B06B-0B1B98E81532}.Release|Any CPU.ActiveCfg = Release|Any CPU
		{D4CAF741-17B4-4E21-B06B-0B1B98E81532}.Release|Any CPU.Build.0 = Release|Any CPU
		{DDD9B225-509B-4707-866F-AE25F713A627}.Debug|Any CPU.ActiveCfg = Debug|Any CPU
		{DDD9B225-509B-4707-866F-AE25F713A627}.Debug|Any CPU.Build.0 = Debug|Any CPU
		{DDD9B225-509B-4707-866F-AE25F713A627}.Release|Any CPU.ActiveCfg = Release|Any CPU
		{DDD9B225-509B-4707-866F-AE25F713A627}.Release|Any CPU.Build.0 = Release|Any CPU
		{7DFE0123-53E5-4396-935A-3BD24368F112}.Debug|Any CPU.ActiveCfg = Debug|Any CPU
		{7DFE0123-53E5-4396-935A-3BD24368F112}.Debug|Any CPU.Build.0 = Debug|Any CPU
		{7DFE0123-53E5-4396-935A-3BD24368F112}.Release|Any CPU.ActiveCfg = Release|Any CPU
		{7DFE0123-53E5-4396-935A-3BD24368F112}.Release|Any CPU.Build.0 = Release|Any CPU
	EndGlobalSection
	GlobalSection(SolutionProperties) = preSolution
		HideSolutionNode = FALSE
	EndGlobalSection
EndGlobal
