
Microsoft Visual Studio Solution File, Format Version 12.00
# Visual Studio 2013
VisualStudioVersion = 12.0.30723.0
MinimumVisualStudioVersion = 10.0.40219.1
Project("{FAE04EC0-301F-11D3-BF4B-00C04F79EFBC}") = "01.SquareRoot", "01.SquareRoot\01.SquareRoot.csproj", "{842D79C8-175E-4646-96E5-0B4D30AFBFCE}"
EndProject
Project("{FAE04EC0-301F-11D3-BF4B-00C04F79EFBC}") = "02.EnterNumbers", "02.EnterNumbers\02.EnterNumbers.csproj", "{6D929505-0278-478F-BB1A-B7404DF87F83}"
EndProject
Project("{FAE04EC0-301F-11D3-BF4B-00C04F79EFBC}") = "03.ReadFileContents", "03.ReadFileContents\03.ReadFileContents.csproj", "{2C2FC23B-6EFA-454C-80C5-D8C3D0DA3A94}"
EndProject
Project("{FAE04EC0-301F-11D3-BF4B-00C04F79EFBC}") = "04.DownloadFile", "04.DownloadFile\04.DownloadFile.csproj", "{0929486C-E1B6-41B1-9427-7541B70D8EE9}"
EndProject
Global
	GlobalSection(SolutionConfigurationPlatforms) = preSolution
		Debug|Any CPU = Debug|Any CPU
		Release|Any CPU = Release|Any CPU
	EndGlobalSection
	GlobalSection(ProjectConfigurationPlatforms) = postSolution
		{842D79C8-175E-4646-96E5-0B4D30AFBFCE}.Debug|Any CPU.ActiveCfg = Debug|Any CPU
		{842D79C8-175E-4646-96E5-0B4D30AFBFCE}.Debug|Any CPU.Build.0 = Debug|Any CPU
		{842D79C8-175E-4646-96E5-0B4D30AFBFCE}.Release|Any CPU.ActiveCfg = Release|Any CPU
		{842D79C8-175E-4646-96E5-0B4D30AFBFCE}.Release|Any CPU.Build.0 = Release|Any CPU
		{6D929505-0278-478F-BB1A-B7404DF87F83}.Debug|Any CPU.ActiveCfg = Debug|Any CPU
		{6D929505-0278-478F-BB1A-B7404DF87F83}.Debug|Any CPU.Build.0 = Debug|Any CPU
		{6D929505-0278-478F-BB1A-B7404DF87F83}.Release|Any CPU.ActiveCfg = Release|Any CPU
		{6D929505-0278-478F-BB1A-B7404DF87F83}.Release|Any CPU.Build.0 = Release|Any CPU
		{2C2FC23B-6EFA-454C-80C5-D8C3D0DA3A94}.Debug|Any CPU.ActiveCfg = Debug|Any CPU
		{2C2FC23B-6EFA-454C-80C5-D8C3D0DA3A94}.Debug|Any CPU.Build.0 = Debug|Any CPU
		{2C2FC23B-6EFA-454C-80C5-D8C3D0DA3A94}.Release|Any CPU.ActiveCfg = Release|Any CPU
		{2C2FC23B-6EFA-454C-80C5-D8C3D0DA3A94}.Release|Any CPU.Build.0 = Release|Any CPU
		{0929486C-E1B6-41B1-9427-7541B70D8EE9}.Debug|Any CPU.ActiveCfg = Debug|Any CPU
		{0929486C-E1B6-41B1-9427-7541B70D8EE9}.Debug|Any CPU.Build.0 = Debug|Any CPU
		{0929486C-E1B6-41B1-9427-7541B70D8EE9}.Release|Any CPU.ActiveCfg = Release|Any CPU
		{0929486C-E1B6-41B1-9427-7541B70D8EE9}.Release|Any CPU.Build.0 = Release|Any CPU
	EndGlobalSection
	GlobalSection(SolutionProperties) = preSolution
		HideSolutionNode = FALSE
	EndGlobalSection
EndGlobal
